<?xml version="1.0" encoding="utf-8"?>
<Project ToolsVersion="4.0" xmlns="http://schemas.microsoft.com/developer/msbuild/2003">
  <ItemGroup>
    <Filter Include="Source Files">
      <UniqueIdentifier>{4FC737F1-C7A5-4376-A066-2A32D752A2FF}</UniqueIdentifier>
      <Extensions>cpp;c;cc;cxx;def;odl;idl;hpj;bat;asm;asmx</Extensions>
    </Filter>
    <Filter Include="Header Files">
      <UniqueIdentifier>{93995380-89BD-4b04-88EB-625FBE52EBFB}</UniqueIdentifier>
      <Extensions>h;hpp;hxx;hm;inl;inc;xsd</Extensions>
    </Filter>
    <Filter Include="Resource Files">
      <UniqueIdentifier>{67DA6AB6-F800-4c08-8B7A-83BB121AAD01}</UniqueIdentifier>
      <Extensions>rc;ico;cur;bmp;dlg;rc2;rct;bin;rgs;gif;jpg;jpeg;jpe;resx;tiff;tif;png;wav</Extensions>
    </Filter>
  </ItemGroup>
  <ItemGroup>
    <ClCompile Include="BSL_Commands_5xx.c">
      <Filter>Source Files</Filter>
    </ClCompile>
    <ClCompile Include="BSL_Commands_ROM.c">
      <Filter>Source Files</Filter>
    </ClCompile>
    <ClCompile Include="BSL_IO_UART.c">
      <Filter>Source Files</Filter>
    </ClCompile>
    <ClCompile Include="BSL_IO_USB.c">
      <Filter>Source Files</Filter>
    </ClCompile>
    <ClCompile Include="BSL_UART_Protocol_5xx.c">
      <Filter>Source Files</Filter>
    </ClCompile>
    <ClCompile Include="BSL_UART_Protocol_ROM.c">
      <Filter>Source Files</Filter>
    </ClCompile>
    <ClCompile Include="BSL_USB_Protocol_5xx.c">
      <Filter>Source Files</Filter>
    </ClCompile>
    <ClCompile Include="CRC.c">
      <Filter>Source Files</Filter>
    </ClCompile>
    <ClCompile Include="HidDevice.c">
      <Filter>Source Files</Filter>
    </ClCompile>
    <ClCompile Include="TextFileIO.c">
      <Filter>Source Files</Filter>
    </ClCompile>
    <ClCompile Include="crc32.c">
      <Filter>Source Files</Filter>
    </ClCompile>
    <ClCompile Include="BSL430_lib.cpp">
      <Filter>Source Files</Filter>
    </ClCompile>
  </ItemGroup>
  <ItemGroup>
    <ClInclude Include="BSL430_lib.h">
      <Filter>Header Files</Filter>
    </ClInclude>
    <ClInclude Include="BSL_Command_Definitions_5xx.h">
      <Filter>Header Files</Filter>
    </ClInclude>
    <ClInclude Include="BSL_Command_Definitions_ROM.h">
      <Filter>Header Files</Filter>
    </ClInclude>
    <ClInclude Include="BSL_Commands_5xx.h">
      <Filter>Header Files</Filter>
    </ClInclude>
    <ClInclude Include="BSL_Commands_ROM.h">
      <Filter>Header Files</Filter>
    </ClInclude>
    <ClInclude Include="BSL_Definitions.h">
      <Filter>Header Files</Filter>
    </ClInclude>
    <ClInclude Include="BSL_Function_Pointers.h">
      <Filter>Header Files</Filter>
    </ClInclude>
    <ClInclude Include="BSL_IO_UART.h">
      <Filter>Header Files</Filter>
    </ClInclude>
    <ClInclude Include="BSL_IO_USB.h">
      <Filter>Header Files</Filter>
    </ClInclude>
    <ClInclude Include="BSL_UART_Protocol_5xx.h">
      <Filter>Header Files</Filter>
    </ClInclude>
    <ClInclude Include="BSL_UART_Protocol_ROM.h">
      <Filter>Header Files</Filter>
    </ClInclude>
    <ClInclude Include="BSL_USB_Protocol_5xx.h">
      <Filter>Header Files</Filter>
    </ClInclude>
    <ClInclude Include="CRC.h">
      <Filter>Header Files</Filter>
    </ClInclude>
    <ClInclude Include="HidDevice.h">
      <Filter>Header Files</Filter>
    </ClInclude>
    <ClInclude Include="resource.h">
      <Filter>Header Files</Filter>
    </ClInclude>
    <ClInclude Include="TextFileIO.h">
      <Filter>Header Files</Filter>
    </ClInclude>
    <ClInclude Include="resource1.h">
      <Filter>Header Files</Filter>
    </ClInclude>
    <ClInclude Include="crc32.h">
      <Filter>Header Files</Filter>
    </ClInclude>
  </ItemGroup>
  <ItemGroup>
    <None Include="BSL430_LIB_README.txt" />
  </ItemGroup>
  <ItemGroup>
    <ResourceCompile Include="BSL430_LIB.rc">
      <Filter>Resource Files</Filter>
    </ResourceCompile>
  </ItemGroup>
  <ItemGroup>
    <Library Include="..\MSP430_USB_Firmware_Updater\hidparse.lib" />
  </ItemGroup>
</Project>